
Microsoft Visual Studio Solution File, Format Version 12.00
# Visual Studio Version 17
VisualStudioVersion = 17.8.34525.116
MinimumVisualStudioVersion = 10.0.40219.1
Project("{FAE04EC0-301F-11D3-BF4B-00C04F79EFBC}") = "PRaKIkA4stach_panel", "PRaKIkA4stach_panel\PRaKIkA4stach_panel.csproj", "{89041003-5F56-4C36-AA37-406EF474AB9E}"
EndProject
Global
	GlobalSection(SolutionConfigurationPlatforms) = preSolution
		Debug|Any CPU = Debug|Any CPU
		Release|Any CPU = Release|Any CPU
	EndGlobalSection
	GlobalSection(ProjectConfigurationPlatforms) = postSolution
		{89041003-5F56-4C36-AA37-406EF474AB9E}.Debug|Any CPU.ActiveCfg = Debug|Any CPU
		{89041003-5F56-4C36-AA37-406EF474AB9E}.Debug|Any CPU.Build.0 = Debug|Any CPU
		{89041003-5F56-4C36-AA37-406EF474AB9E}.Release|Any CPU.ActiveCfg = Release|Any CPU
		{89041003-5F56-4C36-AA37-406EF474AB9E}.Release|Any CPU.Build.0 = Release|Any CPU
	EndGlobalSection
	GlobalSection(SolutionProperties) = preSolution
		HideSolutionNode = FALSE
	EndGlobalSection
	GlobalSection(ExtensibilityGlobals) = postSolution
		SolutionGuid = {BF5FECF3-B92A-4A64-9551-3D44EC00AFF1}
	EndGlobalSection
EndGlobal
